
Microsoft Visual Studio Solution File, Format Version 11.00
# Visual Studio 2010
Project("{8BC9CEB8-8B4A-11D0-8D11-00A0C91BC942}") = "p-4", "p-4\p-4.vcxproj", "{AB32764B-1A3C-42E5-B226-2127EBF19978}"
EndProject
Global
	GlobalSection(SolutionConfigurationPlatforms) = preSolution
		Debug|Win32 = Debug|Win32
		Release|Win32 = Release|Win32
	EndGlobalSection
	GlobalSection(ProjectConfigurationPlatforms) = postSolution
		{AB32764B-1A3C-42E5-B226-2127EBF19978}.Debug|Win32.ActiveCfg = Debug|Win32
		{AB32764B-1A3C-42E5-B226-2127EBF19978}.Debug|Win32.Build.0 = Debug|Win32
		{AB32764B-1A3C-42E5-B226-2127EBF19978}.Release|Win32.ActiveCfg = Release|Win32
		{AB32764B-1A3C-42E5-B226-2127EBF19978}.Release|Win32.Build.0 = Release|Win32
	EndGlobalSection
	GlobalSection(SolutionProperties) = preSolution
		HideSolutionNode = FALSE
	EndGlobalSection
EndGlobal
